
Microsoft Visual Studio Solution File, Format Version 12.00
# Visual Studio Version 17
VisualStudioVersion = 17.11.35222.181
MinimumVisualStudioVersion = 10.0.40219.1
Project("{9A19103F-16F7-4668-BE54-9A1E7A4F7556}") = "Domain", "BusinessObject\Domain.csproj", "{C43C0F4F-B7B3-443E-9EB4-6969CEAE4AB6}"
EndProject
Project("{9A19103F-16F7-4668-BE54-9A1E7A4F7556}") = "Application", "Application\Application.csproj", "{C53B274F-6F56-4B46-91D1-0A0973E2656C}"
EndProject
Project("{9A19103F-16F7-4668-BE54-9A1E7A4F7556}") = "Infrastructure", "Infrastructure\Infrastructure.csproj", "{9DD0238A-2398-4816-93F2-F510FECFE951}"
EndProject
Project("{9A19103F-16F7-4668-BE54-9A1E7A4F7556}") = "Host", "Host\Host.csproj", "{D5A53349-A252-44F4-B705-A2659628E354}"
EndProject
Project("{9A19103F-16F7-4668-BE54-9A1E7A4F7556}") = "Shared", "Shared\Shared.csproj", "{6D74E973-489D-4BAB-BF7B-323318C210E3}"
EndProject
Project("{2150E333-8FDC-42A3-9474-1A3956D46DE8}") = "SolutionItem", "SolutionItem", "{C2D139C8-B723-4F07-ADFA-C00457319484}"
	ProjectSection(SolutionItems) = preProject
		docker-compose.yml = docker-compose.yml
		railway.toml = railway.toml
	EndProjectSection
EndProject
Global
	GlobalSection(SolutionConfigurationPlatforms) = preSolution
		Debug|Any CPU = Debug|Any CPU
		Release|Any CPU = Release|Any CPU
	EndGlobalSection
	GlobalSection(ProjectConfigurationPlatforms) = postSolution
		{C43C0F4F-B7B3-443E-9EB4-6969CEAE4AB6}.Debug|Any CPU.ActiveCfg = Debug|Any CPU
		{C43C0F4F-B7B3-443E-9EB4-6969CEAE4AB6}.Debug|Any CPU.Build.0 = Debug|Any CPU
		{C43C0F4F-B7B3-443E-9EB4-6969CEAE4AB6}.Release|Any CPU.ActiveCfg = Release|Any CPU
		{C43C0F4F-B7B3-443E-9EB4-6969CEAE4AB6}.Release|Any CPU.Build.0 = Release|Any CPU
		{C53B274F-6F56-4B46-91D1-0A0973E2656C}.Debug|Any CPU.ActiveCfg = Debug|Any CPU
		{C53B274F-6F56-4B46-91D1-0A0973E2656C}.Debug|Any CPU.Build.0 = Debug|Any CPU
		{C53B274F-6F56-4B46-91D1-0A0973E2656C}.Release|Any CPU.ActiveCfg = Release|Any CPU
		{C53B274F-6F56-4B46-91D1-0A0973E2656C}.Release|Any CPU.Build.0 = Release|Any CPU
		{9DD0238A-2398-4816-93F2-F510FECFE951}.Debug|Any CPU.ActiveCfg = Debug|Any CPU
		{9DD0238A-2398-4816-93F2-F510FECFE951}.Debug|Any CPU.Build.0 = Debug|Any CPU
		{9DD0238A-2398-4816-93F2-F510FECFE951}.Release|Any CPU.ActiveCfg = Release|Any CPU
		{9DD0238A-2398-4816-93F2-F510FECFE951}.Release|Any CPU.Build.0 = Release|Any CPU
		{D5A53349-A252-44F4-B705-A2659628E354}.Debug|Any CPU.ActiveCfg = Debug|Any CPU
		{D5A53349-A252-44F4-B705-A2659628E354}.Debug|Any CPU.Build.0 = Debug|Any CPU
		{D5A53349-A252-44F4-B705-A2659628E354}.Release|Any CPU.ActiveCfg = Release|Any CPU
		{D5A53349-A252-44F4-B705-A2659628E354}.Release|Any CPU.Build.0 = Release|Any CPU
		{6D74E973-489D-4BAB-BF7B-323318C210E3}.Debug|Any CPU.ActiveCfg = Debug|Any CPU
		{6D74E973-489D-4BAB-BF7B-323318C210E3}.Debug|Any CPU.Build.0 = Debug|Any CPU
		{6D74E973-489D-4BAB-BF7B-323318C210E3}.Release|Any CPU.ActiveCfg = Release|Any CPU
		{6D74E973-489D-4BAB-BF7B-323318C210E3}.Release|Any CPU.Build.0 = Release|Any CPU
	EndGlobalSection
	GlobalSection(SolutionProperties) = preSolution
		HideSolutionNode = FALSE
	EndGlobalSection
	GlobalSection(ExtensibilityGlobals) = postSolution
		SolutionGuid = {DDB3F496-D776-4757-994D-D4E32B582FCE}
	EndGlobalSection
EndGlobal
